
Microsoft Visual Studio Solution File, Format Version 12.00
# Visual Studio Version 17
VisualStudioVersion = 17.4.33205.214
MinimumVisualStudioVersion = 10.0.40219.1
Project("{FAE04EC0-301F-11D3-BF4B-00C04F79EFBC}") = "PS.BOL", "PS.BOL\PS.BOL.csproj", "{FE8849CF-AB82-4477-96EA-EC908E426768}"
EndProject
Project("{FAE04EC0-301F-11D3-BF4B-00C04F79EFBC}") = "PS.DAL", "PS.DAL\PS.DAL.csproj", "{0F0020D4-A166-4745-BE4B-BCE626EBD800}"
EndProject
Project("{FAE04EC0-301F-11D3-BF4B-00C04F79EFBC}") = "PS.BLL", "PS.BLL\PS.BLL.csproj", "{5F0DA230-F7B9-4195-90D3-52F33DA089C2}"
EndProject
Project("{FAE04EC0-301F-11D3-BF4B-00C04F79EFBC}") = "PS.Web", "PS.Web\PS.Web.csproj", "{6458B013-3049-43D1-965C-9196B6DAAF53}"
EndProject
Global
	GlobalSection(SolutionConfigurationPlatforms) = preSolution
		Debug|Any CPU = Debug|Any CPU
		Release|Any CPU = Release|Any CPU
	EndGlobalSection
	GlobalSection(ProjectConfigurationPlatforms) = postSolution
		{FE8849CF-AB82-4477-96EA-EC908E426768}.Debug|Any CPU.ActiveCfg = Debug|Any CPU
		{FE8849CF-AB82-4477-96EA-EC908E426768}.Debug|Any CPU.Build.0 = Debug|Any CPU
		{FE8849CF-AB82-4477-96EA-EC908E426768}.Release|Any CPU.ActiveCfg = Release|Any CPU
		{FE8849CF-AB82-4477-96EA-EC908E426768}.Release|Any CPU.Build.0 = Release|Any CPU
		{0F0020D4-A166-4745-BE4B-BCE626EBD800}.Debug|Any CPU.ActiveCfg = Debug|Any CPU
		{0F0020D4-A166-4745-BE4B-BCE626EBD800}.Debug|Any CPU.Build.0 = Debug|Any CPU
		{0F0020D4-A166-4745-BE4B-BCE626EBD800}.Release|Any CPU.ActiveCfg = Release|Any CPU
		{0F0020D4-A166-4745-BE4B-BCE626EBD800}.Release|Any CPU.Build.0 = Release|Any CPU
		{5F0DA230-F7B9-4195-90D3-52F33DA089C2}.Debug|Any CPU.ActiveCfg = Debug|Any CPU
		{5F0DA230-F7B9-4195-90D3-52F33DA089C2}.Debug|Any CPU.Build.0 = Debug|Any CPU
		{5F0DA230-F7B9-4195-90D3-52F33DA089C2}.Release|Any CPU.ActiveCfg = Release|Any CPU
		{5F0DA230-F7B9-4195-90D3-52F33DA089C2}.Release|Any CPU.Build.0 = Release|Any CPU
		{6458B013-3049-43D1-965C-9196B6DAAF53}.Debug|Any CPU.ActiveCfg = Debug|Any CPU
		{6458B013-3049-43D1-965C-9196B6DAAF53}.Debug|Any CPU.Build.0 = Debug|Any CPU
		{6458B013-3049-43D1-965C-9196B6DAAF53}.Release|Any CPU.ActiveCfg = Release|Any CPU
		{6458B013-3049-43D1-965C-9196B6DAAF53}.Release|Any CPU.Build.0 = Release|Any CPU
	EndGlobalSection
	GlobalSection(SolutionProperties) = preSolution
		HideSolutionNode = FALSE
	EndGlobalSection
	GlobalSection(ExtensibilityGlobals) = postSolution
		SolutionGuid = {F24B99E5-97F7-48CE-833F-0D150279A3C2}
	EndGlobalSection
EndGlobal
